
Microsoft Visual Studio Solution File, Format Version 12.00
# Visual Studio 15
VisualStudioVersion = 15.0.28010.2036
MinimumVisualStudioVersion = 10.0.40219.1
Project("{FAE04EC0-301F-11D3-BF4B-00C04F79EFBC}") = "Vidly22", "Vidly22\Vidly22.csproj", "{03505FBB-2F3A-4704-9056-8CDF7C76B78B}"
EndProject
Global
	GlobalSection(SolutionConfigurationPlatforms) = preSolution
		Debug|Any CPU = Debug|Any CPU
		Release|Any CPU = Release|Any CPU
	EndGlobalSection
	GlobalSection(ProjectConfigurationPlatforms) = postSolution
		{03505FBB-2F3A-4704-9056-8CDF7C76B78B}.Debug|Any CPU.ActiveCfg = Debug|Any CPU
		{03505FBB-2F3A-4704-9056-8CDF7C76B78B}.Debug|Any CPU.Build.0 = Debug|Any CPU
		{03505FBB-2F3A-4704-9056-8CDF7C76B78B}.Release|Any CPU.ActiveCfg = Release|Any CPU
		{03505FBB-2F3A-4704-9056-8CDF7C76B78B}.Release|Any CPU.Build.0 = Release|Any CPU
	EndGlobalSection
	GlobalSection(SolutionProperties) = preSolution
		HideSolutionNode = FALSE
	EndGlobalSection
	GlobalSection(ExtensibilityGlobals) = postSolution
		SolutionGuid = {8F3D1150-1F5B-4CA1-9BEB-23E35C5FF639}
	EndGlobalSection
EndGlobal
