
Microsoft Visual Studio Solution File, Format Version 12.00
# Visual Studio 15
VisualStudioVersion = 15.0.28010.2036
MinimumVisualStudioVersion = 10.0.40219.1
Project("{FAE04EC0-301F-11D3-BF4B-00C04F79EFBC}") = "Vidly", "Vidly\Vidly.csproj", "{EA681906-2BCF-4AF0-9AFA-29C6793992A3}"
EndProject
Project("{FAE04EC0-301F-11D3-BF4B-00C04F79EFBC}") = "VidlyExerciseOne", "VidlyExerciseOne\VidlyExerciseOne.csproj", "{743D4B65-11D8-44BA-9CEA-D301468C504F}"
EndProject
Project("{FAE04EC0-301F-11D3-BF4B-00C04F79EFBC}") = "VidlyExerciseOneSolution", "VidlyExerciseOneSolution\VidlyExerciseOneSolution.csproj", "{A4B32EC4-E278-4895-B946-21CD7C6A3400}"
EndProject
Global
	GlobalSection(SolutionConfigurationPlatforms) = preSolution
		Debug|Any CPU = Debug|Any CPU
		Release|Any CPU = Release|Any CPU
	EndGlobalSection
	GlobalSection(ProjectConfigurationPlatforms) = postSolution
		{EA681906-2BCF-4AF0-9AFA-29C6793992A3}.Debug|Any CPU.ActiveCfg = Debug|Any CPU
		{EA681906-2BCF-4AF0-9AFA-29C6793992A3}.Debug|Any CPU.Build.0 = Debug|Any CPU
		{EA681906-2BCF-4AF0-9AFA-29C6793992A3}.Release|Any CPU.ActiveCfg = Release|Any CPU
		{EA681906-2BCF-4AF0-9AFA-29C6793992A3}.Release|Any CPU.Build.0 = Release|Any CPU
		{743D4B65-11D8-44BA-9CEA-D301468C504F}.Debug|Any CPU.ActiveCfg = Debug|Any CPU
		{743D4B65-11D8-44BA-9CEA-D301468C504F}.Debug|Any CPU.Build.0 = Debug|Any CPU
		{743D4B65-11D8-44BA-9CEA-D301468C504F}.Release|Any CPU.ActiveCfg = Release|Any CPU
		{743D4B65-11D8-44BA-9CEA-D301468C504F}.Release|Any CPU.Build.0 = Release|Any CPU
		{A4B32EC4-E278-4895-B946-21CD7C6A3400}.Debug|Any CPU.ActiveCfg = Debug|Any CPU
		{A4B32EC4-E278-4895-B946-21CD7C6A3400}.Debug|Any CPU.Build.0 = Debug|Any CPU
		{A4B32EC4-E278-4895-B946-21CD7C6A3400}.Release|Any CPU.ActiveCfg = Release|Any CPU
		{A4B32EC4-E278-4895-B946-21CD7C6A3400}.Release|Any CPU.Build.0 = Release|Any CPU
	EndGlobalSection
	GlobalSection(SolutionProperties) = preSolution
		HideSolutionNode = FALSE
	EndGlobalSection
	GlobalSection(ExtensibilityGlobals) = postSolution
		SolutionGuid = {8F3D1150-1F5B-4CA1-9BEB-23E35C5FF639}
	EndGlobalSection
EndGlobal
